Microsoft Visual Studio Solution File, Format Version 12.00
#
Project("{FAE04EC0-301F-11D3-BF4B-00C04F79EFBC}") = "GameKit", "src\GameKit\GameKit.csproj", "{5009E7F6-96F4-46F0-B31C-A239C7A295F5}"
EndProject
Project("{FAE04EC0-301F-11D3-BF4B-00C04F79EFBC}") = "GameKit.ImageLoader.StbImageSharp", "src\GameKit.ImageLoader.StbImageSharp\GameKit.ImageLoader.StbImageSharp.csproj", "{D7CB6EFB-0B11-4769-B0EE-32E8A4BE1342}"
EndProject
Project("{FAE04EC0-301F-11D3-BF4B-00C04F79EFBC}") = "GameKit.Content.Tests", "tests\GameKit.Content.Tests\GameKit.Content.Tests.csproj", "{83D75A50-2A6C-4FEE-919C-07CEA01F9BFF}"
EndProject
Project("{2150E333-8FDC-42A3-9474-1A3956D46DE8}") = "src", "src", "{B746501B-0998-4AA0-9E56-31404F9926D9}"
EndProject
Project("{2150E333-8FDC-42A3-9474-1A3956D46DE8}") = "tests", "tests", "{B99FB85C-85E0-4880-8D4F-BE8D5A7C7C90}"
EndProject
Project("{FAE04EC0-301F-11D3-BF4B-00C04F79EFBC}") = "GameKit.Collections.Tests", "tests\GameKit.Collections.Tests\GameKit.Collections.Tests.csproj", "{EC3F094F-0D9A-45B9-AAD8-B3D43DF22913}"
EndProject
Project("{FAE04EC0-301F-11D3-BF4B-00C04F79EFBC}") = "GameKit.Collections", "src\GameKit.Collections\GameKit.Collections.csproj", "{80FA369F-CEE8-4B88-B52C-51F0814D717E}"
EndProject
Project("{FAE04EC0-301F-11D3-BF4B-00C04F79EFBC}") = "GameKit.Encs", "src\GameKit.Encs\GameKit.Encs.csproj", "{42A1BD4F-72F9-4D10-B3F2-C766AA7B5AC3}"
EndProject
Project("{FAE04EC0-301F-11D3-BF4B-00C04F79EFBC}") = "GameKit.Common", "src\GameKit.Common\GameKit.Common.csproj", "{F73416EA-6BCA-4EC5-A55F-18C36E591323}"
EndProject
Project("{FAE04EC0-301F-11D3-BF4B-00C04F79EFBC}") = "GameKit.Componentize", "src\GameKit.Componentize\GameKit.Componentize.csproj", "{AA5A51EF-EDD6-4EC0-AE6E-D736D2334A12}"
EndProject
Project("{FAE04EC0-301F-11D3-BF4B-00C04F79EFBC}") = "GameKit.Uiui", "src\GameKit.Uiui\GameKit.Uiui.csproj", "{D27ACD39-A7F5-4D63-ADCC-0C8C926BB2E4}"
EndProject
Project("{FAE04EC0-301F-11D3-BF4B-00C04F79EFBC}") = "GameKit.RenderOrchestration", "src\GameKit.RenderOrchestration\GameKit.RenderOrchestration.csproj", "{B5D8A9C4-4F9B-4E77-9E77-5B3C4A2F1D8E}"
EndProject
Project("{FAE04EC0-301F-11D3-BF4B-00C04F79EFBC}") = "GameKit.Componentize.Tests", "tests\GameKit.Componentize.Tests\GameKit.Componentize.Tests.csproj", "{F3B52462-1467-43BD-89FC-8E0F64DA7660}"
EndProject
Project("{FAE04EC0-301F-11D3-BF4B-00C04F79EFBC}") = "GameKit.AStar", "src\GameKit.AStar\GameKit.AStar.csproj", "{670D3B32-62A0-4A02-8577-58D8566B24B2}"
EndProject
Project("{2150E333-8FDC-42A3-9474-1A3956D46DE8}") = "tutorials", "tutorials", "{B2CE3EA9-8E6E-4B87-8E44-3A7382E00959}"
EndProject
Project("{FAE04EC0-301F-11D3-BF4B-00C04F79EFBC}") = "GameKit.Tutorial.WindowCreation", "tutorials\GameKit.Tutorial.WindowCreation\GameKit.Tutorial.WindowCreation.csproj", "{80B8CA3B-DBE5-45D8-8E60-57EC92E2361D}"
EndProject
Project("{FAE04EC0-301F-11D3-BF4B-00C04F79EFBC}") = "GameKit.SdlangCompileLib", "src\GameKit.SdlangCompileLib\GameKit.SdlangCompileLib.csproj", "{0B0178CE-3CEB-4246-861F-A93DCF697445}"
EndProject
Project("{FAE04EC0-301F-11D3-BF4B-00C04F79EFBC}") = "GameKit.SdlangCompileTask", "src\GameKit.SdlangCompileTask\GameKit.SdlangCompileTask.csproj", "{AB33CE21-EB19-4227-8750-EF7D6CA596EE}"
EndProject
Project("{FAE04EC0-301F-11D3-BF4B-00C04F79EFBC}") = "GameKit.SdlangCompileTask.Tests", "tests\GameKit.SdlangCompileTask.Tests\GameKit.SdlangCompileTask.Tests.csproj", "{0E3DC622-CAD1-4214-AB41-0079AC63CE09}"
EndProject
Project("{FAE04EC0-301F-11D3-BF4B-00C04F79EFBC}") = "GameKit.SdlangCompilerCli", "src\GameKit.SdlangCompilerCli\GameKit.SdlangCompilerCli.csproj", "{D7E27816-A9A8-4732-9189-390583EAB5E4}"
EndProject
Project("{FAE04EC0-301F-11D3-BF4B-00C04F79EFBC}") = "GameKit.SdlangCompileLib.Tests", "tests\GameKit.SdlangCompileLib.Tests\GameKit.SdlangCompileLib.Tests.csproj", "{D21B4769-5726-4359-9D30-38DD3A983BEB}"
EndProject
Project("{FAE04EC0-301F-11D3-BF4B-00C04F79EFBC}") = "GameKit.Tutorials.Triangle", "tutorials\GameKit.Tutorials.Triangle\GameKit.Tutorials.Triangle.csproj", "{F2C7FC41-E2C4-44FB-B609-2E14373BD170}"
EndProject
Project("{FAE04EC0-301F-11D3-BF4B-00C04F79EFBC}") = "GameKit.ShaderCommon", "src\GameKit.ShaderCommon\GameKit.ShaderCommon.csproj", "{08202034-95A6-4682-B0A3-C3B9A1E1B315}"
EndProject
Global
	GlobalSection(SolutionConfigurationPlatforms) = preSolution
		Debug|Any CPU = Debug|Any CPU
		Release|Any CPU = Release|Any CPU
	EndGlobalSection
	GlobalSection(ProjectConfigurationPlatforms) = postSolution
		{5009E7F6-96F4-46F0-B31C-A239C7A295F5}.Debug|Any CPU.ActiveCfg = Debug|Any CPU
		{5009E7F6-96F4-46F0-B31C-A239C7A295F5}.Debug|Any CPU.Build.0 = Debug|Any CPU
		{5009E7F6-96F4-46F0-B31C-A239C7A295F5}.Release|Any CPU.ActiveCfg = Release|Any CPU
		{5009E7F6-96F4-46F0-B31C-A239C7A295F5}.Release|Any CPU.Build.0 = Release|Any CPU
		{D7CB6EFB-0B11-4769-B0EE-32E8A4BE1342}.Debug|Any CPU.ActiveCfg = Debug|Any CPU
		{D7CB6EFB-0B11-4769-B0EE-32E8A4BE1342}.Debug|Any CPU.Build.0 = Debug|Any CPU
		{D7CB6EFB-0B11-4769-B0EE-32E8A4BE1342}.Release|Any CPU.ActiveCfg = Release|Any CPU
		{D7CB6EFB-0B11-4769-B0EE-32E8A4BE1342}.Release|Any CPU.Build.0 = Release|Any CPU
		{83D75A50-2A6C-4FEE-919C-07CEA01F9BFF}.Debug|Any CPU.ActiveCfg = Debug|Any CPU
		{83D75A50-2A6C-4FEE-919C-07CEA01F9BFF}.Debug|Any CPU.Build.0 = Debug|Any CPU
		{83D75A50-2A6C-4FEE-919C-07CEA01F9BFF}.Release|Any CPU.ActiveCfg = Release|Any CPU
		{83D75A50-2A6C-4FEE-919C-07CEA01F9BFF}.Release|Any CPU.Build.0 = Release|Any CPU
		{EC3F094F-0D9A-45B9-AAD8-B3D43DF22913}.Debug|Any CPU.ActiveCfg = Debug|Any CPU
		{EC3F094F-0D9A-45B9-AAD8-B3D43DF22913}.Debug|Any CPU.Build.0 = Debug|Any CPU
		{EC3F094F-0D9A-45B9-AAD8-B3D43DF22913}.Release|Any CPU.ActiveCfg = Release|Any CPU
		{EC3F094F-0D9A-45B9-AAD8-B3D43DF22913}.Release|Any CPU.Build.0 = Release|Any CPU
		{80FA369F-CEE8-4B88-B52C-51F0814D717E}.Debug|Any CPU.ActiveCfg = Debug|Any CPU
		{80FA369F-CEE8-4B88-B52C-51F0814D717E}.Debug|Any CPU.Build.0 = Debug|Any CPU
		{80FA369F-CEE8-4B88-B52C-51F0814D717E}.Release|Any CPU.ActiveCfg = Release|Any CPU
		{80FA369F-CEE8-4B88-B52C-51F0814D717E}.Release|Any CPU.Build.0 = Release|Any CPU
		{42A1BD4F-72F9-4D10-B3F2-C766AA7B5AC3}.Debug|Any CPU.ActiveCfg = Debug|Any CPU
		{42A1BD4F-72F9-4D10-B3F2-C766AA7B5AC3}.Debug|Any CPU.Build.0 = Debug|Any CPU
		{42A1BD4F-72F9-4D10-B3F2-C766AA7B5AC3}.Release|Any CPU.ActiveCfg = Release|Any CPU
		{42A1BD4F-72F9-4D10-B3F2-C766AA7B5AC3}.Release|Any CPU.Build.0 = Release|Any CPU
		{F73416EA-6BCA-4EC5-A55F-18C36E591323}.Debug|Any CPU.ActiveCfg = Debug|Any CPU
		{F73416EA-6BCA-4EC5-A55F-18C36E591323}.Debug|Any CPU.Build.0 = Debug|Any CPU
		{F73416EA-6BCA-4EC5-A55F-18C36E591323}.Release|Any CPU.ActiveCfg = Release|Any CPU
		{F73416EA-6BCA-4EC5-A55F-18C36E591323}.Release|Any CPU.Build.0 = Release|Any CPU
		{AA5A51EF-EDD6-4EC0-AE6E-D736D2334A12}.Debug|Any CPU.ActiveCfg = Debug|Any CPU
		{AA5A51EF-EDD6-4EC0-AE6E-D736D2334A12}.Debug|Any CPU.Build.0 = Debug|Any CPU
		{AA5A51EF-EDD6-4EC0-AE6E-D736D2334A12}.Release|Any CPU.ActiveCfg = Release|Any CPU
		{AA5A51EF-EDD6-4EC0-AE6E-D736D2334A12}.Release|Any CPU.Build.0 = Release|Any CPU
		{D27ACD39-A7F5-4D63-ADCC-0C8C926BB2E4}.Debug|Any CPU.ActiveCfg = Debug|Any CPU
		{D27ACD39-A7F5-4D63-ADCC-0C8C926BB2E4}.Debug|Any CPU.Build.0 = Debug|Any CPU
		{D27ACD39-A7F5-4D63-ADCC-0C8C926BB2E4}.Release|Any CPU.ActiveCfg = Release|Any CPU
		{D27ACD39-A7F5-4D63-ADCC-0C8C926BB2E4}.Release|Any CPU.Build.0 = Release|Any CPU
		{B5D8A9C4-4F9B-4E77-9E77-5B3C4A2F1D8E}.Debug|Any CPU.ActiveCfg = Debug|Any CPU
		{B5D8A9C4-4F9B-4E77-9E77-5B3C4A2F1D8E}.Debug|Any CPU.Build.0 = Debug|Any CPU
		{B5D8A9C4-4F9B-4E77-9E77-5B3C4A2F1D8E}.Release|Any CPU.ActiveCfg = Release|Any CPU
		{B5D8A9C4-4F9B-4E77-9E77-5B3C4A2F1D8E}.Release|Any CPU.Build.0 = Release|Any CPU
		{F3B52462-1467-43BD-89FC-8E0F64DA7660}.Debug|Any CPU.ActiveCfg = Debug|Any CPU
		{F3B52462-1467-43BD-89FC-8E0F64DA7660}.Debug|Any CPU.Build.0 = Debug|Any CPU
		{F3B52462-1467-43BD-89FC-8E0F64DA7660}.Release|Any CPU.ActiveCfg = Release|Any CPU
		{F3B52462-1467-43BD-89FC-8E0F64DA7660}.Release|Any CPU.Build.0 = Release|Any CPU
		{670D3B32-62A0-4A02-8577-58D8566B24B2}.Debug|Any CPU.ActiveCfg = Debug|Any CPU
		{670D3B32-62A0-4A02-8577-58D8566B24B2}.Debug|Any CPU.Build.0 = Debug|Any CPU
		{670D3B32-62A0-4A02-8577-58D8566B24B2}.Release|Any CPU.ActiveCfg = Release|Any CPU
		{670D3B32-62A0-4A02-8577-58D8566B24B2}.Release|Any CPU.Build.0 = Release|Any CPU
		{80B8CA3B-DBE5-45D8-8E60-57EC92E2361D}.Debug|Any CPU.ActiveCfg = Debug|Any CPU
		{80B8CA3B-DBE5-45D8-8E60-57EC92E2361D}.Debug|Any CPU.Build.0 = Debug|Any CPU
		{80B8CA3B-DBE5-45D8-8E60-57EC92E2361D}.Release|Any CPU.ActiveCfg = Release|Any CPU
		{80B8CA3B-DBE5-45D8-8E60-57EC92E2361D}.Release|Any CPU.Build.0 = Release|Any CPU
		{0B0178CE-3CEB-4246-861F-A93DCF697445}.Debug|Any CPU.ActiveCfg = Debug|Any CPU
		{0B0178CE-3CEB-4246-861F-A93DCF697445}.Debug|Any CPU.Build.0 = Debug|Any CPU
		{0B0178CE-3CEB-4246-861F-A93DCF697445}.Release|Any CPU.ActiveCfg = Release|Any CPU
		{0B0178CE-3CEB-4246-861F-A93DCF697445}.Release|Any CPU.Build.0 = Release|Any CPU
		{AB33CE21-EB19-4227-8750-EF7D6CA596EE}.Debug|Any CPU.ActiveCfg = Debug|Any CPU
		{AB33CE21-EB19-4227-8750-EF7D6CA596EE}.Debug|Any CPU.Build.0 = Debug|Any CPU
		{AB33CE21-EB19-4227-8750-EF7D6CA596EE}.Release|Any CPU.ActiveCfg = Release|Any CPU
		{AB33CE21-EB19-4227-8750-EF7D6CA596EE}.Release|Any CPU.Build.0 = Release|Any CPU
		{0E3DC622-CAD1-4214-AB41-0079AC63CE09}.Debug|Any CPU.ActiveCfg = Debug|Any CPU
		{0E3DC622-CAD1-4214-AB41-0079AC63CE09}.Debug|Any CPU.Build.0 = Debug|Any CPU
		{0E3DC622-CAD1-4214-AB41-0079AC63CE09}.Release|Any CPU.ActiveCfg = Release|Any CPU
		{0E3DC622-CAD1-4214-AB41-0079AC63CE09}.Release|Any CPU.Build.0 = Release|Any CPU
		{D7E27816-A9A8-4732-9189-390583EAB5E4}.Debug|Any CPU.ActiveCfg = Debug|Any CPU
		{D7E27816-A9A8-4732-9189-390583EAB5E4}.Debug|Any CPU.Build.0 = Debug|Any CPU
		{D7E27816-A9A8-4732-9189-390583EAB5E4}.Release|Any CPU.ActiveCfg = Release|Any CPU
		{D7E27816-A9A8-4732-9189-390583EAB5E4}.Release|Any CPU.Build.0 = Release|Any CPU
		{D21B4769-5726-4359-9D30-38DD3A983BEB}.Debug|Any CPU.ActiveCfg = Debug|Any CPU
		{D21B4769-5726-4359-9D30-38DD3A983BEB}.Debug|Any CPU.Build.0 = Debug|Any CPU
		{D21B4769-5726-4359-9D30-38DD3A983BEB}.Release|Any CPU.ActiveCfg = Release|Any CPU
		{D21B4769-5726-4359-9D30-38DD3A983BEB}.Release|Any CPU.Build.0 = Release|Any CPU
		{F2C7FC41-E2C4-44FB-B609-2E14373BD170}.Debug|Any CPU.ActiveCfg = Debug|Any CPU
		{F2C7FC41-E2C4-44FB-B609-2E14373BD170}.Debug|Any CPU.Build.0 = Debug|Any CPU
		{F2C7FC41-E2C4-44FB-B609-2E14373BD170}.Release|Any CPU.ActiveCfg = Release|Any CPU
		{F2C7FC41-E2C4-44FB-B609-2E14373BD170}.Release|Any CPU.Build.0 = Release|Any CPU
		{08202034-95A6-4682-B0A3-C3B9A1E1B315}.Debug|Any CPU.ActiveCfg = Debug|Any CPU
		{08202034-95A6-4682-B0A3-C3B9A1E1B315}.Debug|Any CPU.Build.0 = Debug|Any CPU
		{08202034-95A6-4682-B0A3-C3B9A1E1B315}.Release|Any CPU.ActiveCfg = Release|Any CPU
		{08202034-95A6-4682-B0A3-C3B9A1E1B315}.Release|Any CPU.Build.0 = Release|Any CPU
	EndGlobalSection
	GlobalSection(NestedProjects) = preSolution
		{5009E7F6-96F4-46F0-B31C-A239C7A295F5} = {B746501B-0998-4AA0-9E56-31404F9926D9}
		{D7CB6EFB-0B11-4769-B0EE-32E8A4BE1342} = {B746501B-0998-4AA0-9E56-31404F9926D9}
		{83D75A50-2A6C-4FEE-919C-07CEA01F9BFF} = {B99FB85C-85E0-4880-8D4F-BE8D5A7C7C90}
		{EC3F094F-0D9A-45B9-AAD8-B3D43DF22913} = {B99FB85C-85E0-4880-8D4F-BE8D5A7C7C90}
		{80FA369F-CEE8-4B88-B52C-51F0814D717E} = {B746501B-0998-4AA0-9E56-31404F9926D9}
		{42A1BD4F-72F9-4D10-B3F2-C766AA7B5AC3} = {B746501B-0998-4AA0-9E56-31404F9926D9}
		{F73416EA-6BCA-4EC5-A55F-18C36E591323} = {B746501B-0998-4AA0-9E56-31404F9926D9}
		{AA5A51EF-EDD6-4EC0-AE6E-D736D2334A12} = {B746501B-0998-4AA0-9E56-31404F9926D9}
		{D27ACD39-A7F5-4D63-ADCC-0C8C926BB2E4} = {B746501B-0998-4AA0-9E56-31404F9926D9}
		{B5D8A9C4-4F9B-4E77-9E77-5B3C4A2F1D8E} = {B746501B-0998-4AA0-9E56-31404F9926D9}
		{F3B52462-1467-43BD-89FC-8E0F64DA7660} = {B99FB85C-85E0-4880-8D4F-BE8D5A7C7C90}
		{670D3B32-62A0-4A02-8577-58D8566B24B2} = {B746501B-0998-4AA0-9E56-31404F9926D9}
		{80B8CA3B-DBE5-45D8-8E60-57EC92E2361D} = {B2CE3EA9-8E6E-4B87-8E44-3A7382E00959}
		{0B0178CE-3CEB-4246-861F-A93DCF697445} = {B746501B-0998-4AA0-9E56-31404F9926D9}
		{AB33CE21-EB19-4227-8750-EF7D6CA596EE} = {B746501B-0998-4AA0-9E56-31404F9926D9}
		{0E3DC622-CAD1-4214-AB41-0079AC63CE09} = {B99FB85C-85E0-4880-8D4F-BE8D5A7C7C90}
		{D7E27816-A9A8-4732-9189-390583EAB5E4} = {B746501B-0998-4AA0-9E56-31404F9926D9}
		{D21B4769-5726-4359-9D30-38DD3A983BEB} = {B99FB85C-85E0-4880-8D4F-BE8D5A7C7C90}
		{F2C7FC41-E2C4-44FB-B609-2E14373BD170} = {B2CE3EA9-8E6E-4B87-8E44-3A7382E00959}
		{08202034-95A6-4682-B0A3-C3B9A1E1B315} = {B746501B-0998-4AA0-9E56-31404F9926D9}
	EndGlobalSection
EndGlobal
