
Microsoft Visual Studio Solution File, Format Version 12.00
Project("{FAE04EC0-301F-11D3-BF4B-00C04F79EFBC}") = "GameKit", "GameKit\GameKit.csproj", "{5009E7F6-96F4-46F0-B31C-A239C7A295F5}"
EndProject
Project("{FAE04EC0-301F-11D3-BF4B-00C04F79EFBC}") = "Examples/Examples.Triangle", "Examples/Examples.Triangle\Examples.Triangle.csproj", "{7A636882-84DF-4344-8C7A-8CE411B55A16}"
EndProject
Project("{FAE04EC0-301F-11D3-BF4B-00C04F79EFBC}") = "GameKit.ImageLoader.StbImageSharp", "GameKit.ImageLoader.StbImageSharp\GameKit.ImageLoader.StbImageSharp.csproj", "{D7CB6EFB-0B11-4769-B0EE-32E8A4BE1342}"
EndProject
Global
	GlobalSection(SolutionConfigurationPlatforms) = preSolution
		Debug|Any CPU = Debug|Any CPU
		Release|Any CPU = Release|Any CPU
	EndGlobalSection
	GlobalSection(ProjectConfigurationPlatforms) = postSolution
		{5009E7F6-96F4-46F0-B31C-A239C7A295F5}.Debug|Any CPU.ActiveCfg = Debug|Any CPU
		{5009E7F6-96F4-46F0-B31C-A239C7A295F5}.Debug|Any CPU.Build.0 = Debug|Any CPU
		{5009E7F6-96F4-46F0-B31C-A239C7A295F5}.Release|Any CPU.ActiveCfg = Release|Any CPU
		{5009E7F6-96F4-46F0-B31C-A239C7A295F5}.Release|Any CPU.Build.0 = Release|Any CPU
		{7A636882-84DF-4344-8C7A-8CE411B55A16}.Debug|Any CPU.ActiveCfg = Debug|Any CPU
		{7A636882-84DF-4344-8C7A-8CE411B55A16}.Debug|Any CPU.Build.0 = Debug|Any CPU
		{7A636882-84DF-4344-8C7A-8CE411B55A16}.Release|Any CPU.ActiveCfg = Release|Any CPU
		{7A636882-84DF-4344-8C7A-8CE411B55A16}.Release|Any CPU.Build.0 = Release|Any CPU
		{D7CB6EFB-0B11-4769-B0EE-32E8A4BE1342}.Debug|Any CPU.ActiveCfg = Debug|Any CPU
		{D7CB6EFB-0B11-4769-B0EE-32E8A4BE1342}.Debug|Any CPU.Build.0 = Debug|Any CPU
		{D7CB6EFB-0B11-4769-B0EE-32E8A4BE1342}.Release|Any CPU.ActiveCfg = Release|Any CPU
		{D7CB6EFB-0B11-4769-B0EE-32E8A4BE1342}.Release|Any CPU.Build.0 = Release|Any CPU
	EndGlobalSection
EndGlobal
