<Solution>
  <Folder Name="/src/">
    <Project Path="src/GameKit.Architecture/GameKit.Architecture.csproj" />
    <Project Path="src/GameKit.Architecture.Testing/GameKit.Architecture.Testing.csproj" />
    <Project Path="src/GameKit.AStar/GameKit.AStar.csproj" />
    <Project Path="src/GameKit.Collections/GameKit.Collections.csproj" />
    <Project Path="src/GameKit.Common/GameKit.Common.csproj" />
    <Project Path="src/GameKit.Componentize/GameKit.Componentize.csproj" />
    <Project Path="src/GameKit.Events/GameKit.Events.csproj" />
    <Project Path="src/GameKit.RenderOrchestration/GameKit.RenderOrchestration.csproj" />
    <Project Path="src/GameKit.SdlangCompileLib/GameKit.SdlangCompileLib.csproj" />
    <Project Path="src/GameKit.SdlangCompilerCli/GameKit.SdlangCompilerCli.csproj" />
    <Project Path="src/GameKit.SdlangCompileTask/GameKit.SdlangCompileTask.csproj" />
    <Project Path="src/GameKit.ShaderCommon/GameKit.ShaderCommon.csproj" />
    <Project Path="src/GameKit.DependencyInjection/GameKit.DependencyInjection.csproj" />
    <Project Path="src/GameKit.DependencyInjection.Generator/GameKit.DependencyInjection.Generator.csproj" />
    <Project Path="src/GameKit.Pencuil/GameKit.Pencuil.csproj" />
    <Project Path="src/GameKit.Utils/GameKit.Utils.csproj" />
    <Project Path="src/GameKit/GameKit.csproj" />
    <Project Path="src/GameKit.Logging/GameKit.Logging.csproj" />
    <Project Path="src/GameKit.VertexShaderOnly/GameKit.VertexShaderOnly.csproj" />
  </Folder>
  <Folder Name="/tests/">
    <Project Path="tests/GameKit.Collections.Tests/GameKit.Collections.Tests.csproj" />
    <Project Path="tests/GameKit.Componentize.Tests/GameKit.Componentize.Tests.csproj" />
    <Project Path="tests/GameKit.Content.Tests/GameKit.Content.Tests.csproj" />
    <Project Path="tests/GameKit.SdlangCompileLib.Tests/GameKit.SdlangCompileLib.Tests.csproj" />
    <Project Path="tests/GameKit.SdlangCompileTask.Tests/GameKit.SdlangCompileTask.Tests.csproj" />
    <Project Path="tests/GameKit.DependencyInjection.Tests/GameKit.DependencyInjection.Tests.csproj" />
    <Project Path="tests/GameKit.Architecture.Tests/GameKit.Architecture.Tests.csproj" />
    <Project Path="tests/GameKit.Architecture.Testing.Tests/GameKit.Architecture.Testing.Tests.csproj" />
    <Project Path="tests/GameKit.Events.Tests/GameKit.Events.Tests.csproj" />
    <Project Path="tests/GameKit.Tests/GameKit.Tests.csproj" />
  </Folder>
  <Folder Name="/tutorials/">
    <Project Path="tutorials/GameKit.Tutorials.DepthOnly/GameKit.Tutorials.DepthOnly.csproj" />
    <Project Path="tutorials/GameKit.Tutorials.Triangle/GameKit.Tutorials.Triangle.csproj" />
    <Project Path="tutorials/GameKit.Tutorials.WindowCreation/GameKit.Tutorials.WindowCreation.csproj" />
    <Project Path="tutorials/GameKit.Tutorials.StorageBuffer/GameKit.Tutorials.StorageBuffer.csproj" />
    <Project Path="tutorials/GameKit.Tutorials.TextureArray/GameKit.Tutorials.TextureArray.csproj" />
    <Project Path="tutorials/GameKit.Tutorials.ImageLoading/GameKit.Tutorials.ImageLoading.csproj" />
    <Project Path="tutorials/GameKit.Tutorials.StencilBuffer/GameKit.Tutorials.StencilBuffer.csproj" />
    <Project Path="tutorials/GameKit.Tutorials.Gamepad/GameKit.Tutorials.Gamepad.csproj" />
    <Project Path="tutorials/GameKit.Tutorials.Hotbar/GameKit.Tutorials.Hotbar.csproj" />
    <Project Path="tutorials/GameKit.Tutorials.Instancing/GameKit.Tutorials.Instancing.csproj" />
    <Project Path="tutorials/GameKit.Tutorials.IndexBuffer/GameKit.Tutorials.IndexBuffer.csproj" />
    <Project Path="tutorials/GameKit.Tutorials.IndexedRenderPass/GameKit.Tutorials.IndexedRenderPass.csproj" />
    <Project Path="tutorials/GameKit.Tutorials.FileDialogs/GameKit.Tutorials.FileDialogs.csproj" />
    <Project Path="tutorials/GameKit.Tutorials.TextInput/GameKit.Tutorials.TextInput.csproj" />
    <Project Path="tutorials/GameKit.Tutorials.WindowConfiguration/GameKit.Tutorials.WindowConfiguration.csproj" />
    <Project Path="tutorials/GameKit.Tutorials.TransparentWindow/GameKit.Tutorials.TransparentWindow.csproj" />
    <Project Path="tutorials/GameKit.Tutorials.ClickThrough/GameKit.Tutorials.ClickThrough.csproj" />
    <Project Path="tutorials/GameKit.Tutorials.WindowDragging/GameKit.Tutorials.WindowDragging.csproj" />
    <Project Path="tutorials/GameKit.Tutorials.StageSwitching/GameKit.Tutorials.StageSwitching.csproj" />
    <Project Path="tutorials/GameKit.Tutorials.MouseWindowPresence/GameKit.Tutorials.MouseWindowPresence.csproj" />
  </Folder>
  <Folder Name="/benchmarks/">
    <Project Path="benchmarks/GameKit.DependencyInjection.Benchmarks/GameKit.DependencyInjection.Benchmarks.csproj" />
  </Folder>
</Solution>
